
Microsoft Visual Studio Solution File, Format Version 12.00
# Visual Studio Version 17
VisualStudioVersion = 17.3.32929.385
MinimumVisualStudioVersion = 10.0.40219.1
Project("{9A19103F-16F7-4668-BE54-9A1E7A4F7556}") = "Bank deposit project", "Bank deposit project\Bank deposit project.csproj", "{D3B7B6BF-808C-46E1-9A42-86BF7E828478}"
EndProject
Project("{FAE04EC0-301F-11D3-BF4B-00C04F79EFBC}") = "Domen2Vozvrashenie", "Domen2Vozvrashenie\Domen2Vozvrashenie.csproj", "{2C095304-6C2D-43B9-B424-12E3AA9EBDDC}"
EndProject
Global
	GlobalSection(SolutionConfigurationPlatforms) = preSolution
		Debug|Any CPU = Debug|Any CPU
		Release|Any CPU = Release|Any CPU
	EndGlobalSection
	GlobalSection(ProjectConfigurationPlatforms) = postSolution
		{D3B7B6BF-808C-46E1-9A42-86BF7E828478}.Debug|Any CPU.ActiveCfg = Debug|Any CPU
		{D3B7B6BF-808C-46E1-9A42-86BF7E828478}.Debug|Any CPU.Build.0 = Debug|Any CPU
		{D3B7B6BF-808C-46E1-9A42-86BF7E828478}.Release|Any CPU.ActiveCfg = Release|Any CPU
		{D3B7B6BF-808C-46E1-9A42-86BF7E828478}.Release|Any CPU.Build.0 = Release|Any CPU
		{2C095304-6C2D-43B9-B424-12E3AA9EBDDC}.Debug|Any CPU.ActiveCfg = Debug|Any CPU
		{2C095304-6C2D-43B9-B424-12E3AA9EBDDC}.Debug|Any CPU.Build.0 = Debug|Any CPU
		{2C095304-6C2D-43B9-B424-12E3AA9EBDDC}.Release|Any CPU.ActiveCfg = Release|Any CPU
		{2C095304-6C2D-43B9-B424-12E3AA9EBDDC}.Release|Any CPU.Build.0 = Release|Any CPU
	EndGlobalSection
	GlobalSection(SolutionProperties) = preSolution
		HideSolutionNode = FALSE
	EndGlobalSection
	GlobalSection(ExtensibilityGlobals) = postSolution
		SolutionGuid = {F0596FC5-0749-4B8A-91EC-74E99D46EFD8}
	EndGlobalSection
EndGlobal
